
Microsoft Visual Studio Solution File, Format Version 12.00
# Visual Studio Version 17
VisualStudioVersion = 17.0.31903.59
MinimumVisualStudioVersion = 10.0.40219.1
Project("{9A19103F-16F7-4668-BE54-9A1E7A4F7556}") = "ClickQuest.Game", "ClickQuest.Game\ClickQuest.Game.csproj", "{3D44B8C1-C9D9-4344-BD58-82EB1E79886A}"
EndProject
Project("{9A19103F-16F7-4668-BE54-9A1E7A4F7556}") = "ClickQuest.ContentManager", "ClickQuest.ContentManager\ClickQuest.ContentManager.csproj", "{5FD2D030-070B-4BF9-A84C-271241B3CB9A}"
EndProject
Project("{FAE04EC0-301F-11D3-BF4B-00C04F79EFBC}") = "ClickQuest.Data", "ClickQuest.Data\ClickQuest.Data.csproj", "{3EEF7C8A-03FA-44AC-B580-442F5314EF44}"
EndProject
Global
	GlobalSection(SolutionConfigurationPlatforms) = preSolution
		Debug|Any CPU = Debug|Any CPU
		Release|Any CPU = Release|Any CPU
	EndGlobalSection
	GlobalSection(ProjectConfigurationPlatforms) = postSolution
		{3D44B8C1-C9D9-4344-BD58-82EB1E79886A}.Debug|Any CPU.ActiveCfg = Debug|Any CPU
		{3D44B8C1-C9D9-4344-BD58-82EB1E79886A}.Debug|Any CPU.Build.0 = Debug|Any CPU
		{3D44B8C1-C9D9-4344-BD58-82EB1E79886A}.Release|Any CPU.ActiveCfg = Release|Any CPU
		{3D44B8C1-C9D9-4344-BD58-82EB1E79886A}.Release|Any CPU.Build.0 = Release|Any CPU
		{5FD2D030-070B-4BF9-A84C-271241B3CB9A}.Debug|Any CPU.ActiveCfg = Debug|Any CPU
		{5FD2D030-070B-4BF9-A84C-271241B3CB9A}.Debug|Any CPU.Build.0 = Debug|Any CPU
		{5FD2D030-070B-4BF9-A84C-271241B3CB9A}.Release|Any CPU.ActiveCfg = Release|Any CPU
		{5FD2D030-070B-4BF9-A84C-271241B3CB9A}.Release|Any CPU.Build.0 = Release|Any CPU
		{3EEF7C8A-03FA-44AC-B580-442F5314EF44}.Debug|Any CPU.ActiveCfg = Debug|Any CPU
		{3EEF7C8A-03FA-44AC-B580-442F5314EF44}.Debug|Any CPU.Build.0 = Debug|Any CPU
		{3EEF7C8A-03FA-44AC-B580-442F5314EF44}.Release|Any CPU.ActiveCfg = Release|Any CPU
		{3EEF7C8A-03FA-44AC-B580-442F5314EF44}.Release|Any CPU.Build.0 = Release|Any CPU
	EndGlobalSection
	GlobalSection(SolutionProperties) = preSolution
		HideSolutionNode = FALSE
	EndGlobalSection
	GlobalSection(ExtensibilityGlobals) = postSolution
		SolutionGuid = {4A0C0D6C-647E-41E6-A28C-96B113B708B7}
	EndGlobalSection
EndGlobal
